// !$*UTF8*$!
{
	archiveVersion = 1;
	classes = {
	};
	objectVersion = 50;
	objects = {

/* Begin PBXBuildFile section */
		A3BBCE2F24C29EB30022B585 /* AppDelegate.swift in Sources */ = {isa = PBXBuildFile; fileRef = A3BBCE2E24C29EB30022B585 /* AppDelegate.swift */; };
		A3BBCE3124C29EB30022B585 /* SceneDelegate.swift in Sources */ = {isa = PBXBuildFile; fileRef = A3BBCE3024C29EB30022B585 /* SceneDelegate.swift */; };
		A3BBCE3324C29EB30022B585 /* ViewController.swift in Sources */ = {isa = PBXBuildFile; fileRef = A3BBCE3224C29EB30022B585 /* ViewController.swift */; };
		A3BBCE3624C29EB30022B585 /* Main.storyboard in Resources */ = {isa = PBXBuildFile; fileRef = A3BBCE3424C29EB30022B585 /* Main.storyboard */; };
		A3BBCE3824C29EB40022B585 /* Assets.xcassets in Resources */ = {isa = PBXBuildFile; fileRef = A3BBCE3724C29EB40022B585 /* Assets.xcassets */; };
		A3BBCE3B24C29EB40022B585 /* LaunchScreen.storyboard in Resources */ = {isa = PBXBuildFile; fileRef = A3BBCE3924C29EB40022B585 /* LaunchScreen.storyboard */; };
/* End PBXBuildFile section */

/* Begin PBXFileReference section */
		A3BBCE2B24C29EB30022B585 /* IOSturn3DCard.app */ = {isa = PBXFileReference; explicitFileType = wrapper.application; includeInIndex = 0; path = IOSturn3DCard.app; sourceTree = BUILT_PRODUCTS_DIR; };
		A3BBCE2E24C29EB30022B585 /* AppDelegate.swift */ = {isa = PBXFileReference; lastKnownFileType = sourcecode.swift; path = AppDelegate.swift; sourceTree = "<group>"; };
		A3BBCE3024C29EB30022B585 /* SceneDelegate.swift */ = {isa = PBXFileReference; lastKnownFileType = sourcecode.swift; path = SceneDelegate.swift; sourceTree = "<group>"; };
		A3BBCE3224C29EB30022B585 /* ViewController.swift */ = {isa = PBXFileReference; lastKnownFileType = sourcecode.swift; path = ViewController.swift; sourceTree = "<group>"; };
		A3BBCE3524C29EB30022B585 /* Base */ = {isa = PBXFileReference; lastKnownFileType = file.storyboard; name = Base; path = Base.lproj/Main.storyboard; sourceTree = "<group>"; };
		A3BBCE3724C29EB40022B585 /* Assets.xcassets */ = {isa = PBXFileReference; lastKnownFileType = folder.assetcatalog; path = Assets.xcassets; sourceTree = "<group>"; };
		A3BBCE3A24C29EB40022B585 /* Base */ = {isa = PBXFileReference; lastKnownFileType = file.storyboard; name = Base; path = Base.lproj/LaunchScreen.storyboard; sourceTree = "<group>"; };
		A3BBCE3C24C29EB40022B585 /* Info.plist */ = {isa = PBXFileReference; lastKnownFileType = text.plist.xml; path = Info.plist; sourceTree = "<group>"; };
/* End PBXFileReference section */

/* Begin PBXFrameworksBuildPhase section */
		A3BBCE2824C29EB30022B585 /* Frameworks */ = {
			isa = PBXFrameworksBuildPhase;
			buildActionMask = 2147483647;
			files = (
			);
			runOnlyForDeploymentPostprocessing = 0;
		};
/* End PBXFrameworksBuildPhase section */

/* Begin PBXGroup section */
		A3BBCE2224C29EB30022B585 = {
			isa = PBXGroup;
			children = (
				A3BBCE2D24C29EB30022B585 /* IOSturn3DCard */,
				A3BBCE2C24C29EB30022B585 /* Products */,
			);
			sourceTree = "<group>";
		};
		A3BBCE2C24C29EB30022B585 /* Products */ = {
			isa = PBXGroup;
			children = (
				A3BBCE2B24C29EB30022B585 /* IOSturn3DCard.app */,
			);
			name = Products;
			sourceTree = "<group>";
		};
		A3BBCE2D24C29EB30022B585 /* IOSturn3DCard */ = {
			isa = PBXGroup;
			children = (
				A3BBCE2E24C29EB30022B585 /* AppDelegate.swift */,
				A3BBCE3024C29EB30022B585 /* SceneDelegate.swift */,
				A3BBCE3224C29EB30022B585 /* ViewController.swift */,
				A3BBCE3424C29EB30022B585 /* Main.storyboard */,
				A3BBCE3724C29EB40022B585 /* Assets.xcassets */,
				A3BBCE3924C29EB40022B585 /* LaunchScreen.storyboard */,
				A3BBCE3C24C29EB40022B585 /* Info.plist */,
			);
			path = IOSturn3DCard;
			sourceTree = "<group>";
		};
/* End PBXGroup section */

/* Begin PBXNativeTarget section */
		A3BBCE2A24C29EB30022B585 /* IOSturn3DCard */ = {
			isa = PBXNativeTarget;
			buildConfigurationList = A3BBCE3F24C29EB40022B585 /* Build configuration list for PBXNativeTarget "IOSturn3DCard" */;
			buildPhases = (
				A3BBCE2724C29EB30022B585 /* Sources */,
				A3BBCE2824C29EB30022B585 /* Frameworks */,
				A3BBCE2924C29EB30022B585 /* Resources */,
			);
			buildRules = (
			);
			dependencies = (
			);
			name = IOSturn3DCard;
			productName = IOSSpringAnimationTutorial;
			productReference = A3BBCE2B24C29EB30022B585 /* IOSturn3DCard.app */;
			productType = "com.apple.product-type.application";
		};
/* End PBXNativeTarget section */

/* Begin PBXProject section */
		A3BBCE2324C29EB30022B585 /* Project object */ = {
			isa = PBXProject;
			attributes = {
				LastSwiftUpdateCheck = 1150;
				LastUpgradeCheck = 1150;
				ORGANIZATIONNAME = kakao;
				TargetAttributes = {
					A3BBCE2A24C29EB30022B585 = {
						CreatedOnToolsVersion = 11.5;
					};
				};
			};
			buildConfigurationList = A3BBCE2624C29EB30022B585 /* Build configuration list for PBXProject "IOSturn3DCard" */;
			compatibilityVersion = "Xcode 9.3";
			developmentRegion = en;
			hasScannedForEncodings = 0;
			knownRegions = (
				en,
				Base,
			);
			mainGroup = A3BBCE2224C29EB30022B585;
			productRefGroup = A3BBCE2C24C29EB30022B585 /* Products */;
			projectDirPath = "";
			projectRoot = "";
			targets = (
				A3BBCE2A24C29EB30022B585 /* IOSturn3DCard */,
			);
		};
/* End PBXProject section */

/* Begin PBXResourcesBuildPhase section */
		A3BBCE2924C29EB30022B585 /* Resources */ = {
			isa = PBXResourcesBuildPhase;
			buildActionMask = 2147483647;
			files = (
				A3BBCE3B24C29EB40022B585 /* LaunchScreen.storyboard in Resources */,
				A3BBCE3824C29EB40022B585 /* Assets.xcassets in Resources */,
				A3BBCE3624C29EB30022B585 /* Main.storyboard in Resources */,
			);
			runOnlyForDeploymentPostprocessing = 0;
		};
/* End PBXResourcesBuildPhase section */

/* Begin PBXSourcesBuildPhase section */
		A3BBCE2724C29EB30022B585 /* Sources */ = {
			isa = PBXSourcesBuildPhase;
			buildActionMask = 2147483647;
			files = (
				A3BBCE3324C29EB30022B585 /* ViewController.swift in Sources */,
				A3BBCE2F24C29EB30022B585 /* AppDelegate.swift in Sources */,
				A3BBCE3124C29EB30022B585 /* SceneDelegate.swift in Sources */,
			);
			runOnlyForDeploymentPostprocessing = 0;
		};
/* End PBXSourcesBuildPhase section */

/* Begin PBXVariantGroup section */
		A3BBCE3424C29EB30022B585 /* Main.storyboard */ = {
			isa = PBXVariantGroup;
			children = (
				A3BBCE3524C29EB30022B585 /* Base */,
			);
			name = Main.storyboard;
			sourceTree = "<group>";
		};
		A3BBCE3924C29EB40022B585 /* LaunchScreen.storyboard */ = {
			isa = PBXVariantGroup;
			children = (
				A3BBCE3A24C29EB40022B585 /* Base */,
			);
			name = LaunchScreen.storyboard;
			sourceTree = "<group>";
		};
/* End PBXVariantGroup section */

/* Begin XCBuildConfiguration section */
		A3BBCE3D24C29EB40022B585 /* Debug */ = {
			isa = XCBuildConfiguration;
			buildSettings = {
				ALWAYS_SEARCH_USER_PATHS = NO;
				CLANG_ANALYZER_NONNULL = YES;
				CLANG_ANALYZER_NUMBER_OBJECT_CONVERSION = YES_AGGRESSIVE;
				CLANG_CXX_LANGUAGE_STANDARD = "gnu++14";
				CLANG_CXX_LIBRARY = "libc++";
				CLANG_ENABLE_MODULES = YES;
				CLANG_ENABLE_OBJC_ARC = YES;
				CLANG_ENABLE_OBJC_WEAK = YES;
				CLANG_WARN_BLOCK_CAPTURE_AUTORELEASING = YES;
				CLANG_WARN_BOOL_CONVERSION = YES;
				CLANG_WARN_COMMA = YES;
				CLANG_WARN_CONSTANT_CONVERSION = YES;
				CLANG_WARN_DEPRECATED_OBJC_IMPLEMENTATIONS = YES;
				CLANG_WARN_DIRECT_OBJC_ISA_USAGE = YES_ERROR;
				CLANG_WARN_DOCUMENTATION_COMMENTS = YES;
				CLANG_WARN_EMPTY_BODY = YES;
				CLANG_WARN_ENUM_CONVERSION = YES;
				CLANG_WARN_INFINITE_RECURSION = YES;
				CLANG_WARN_INT_CONVERSION = YES;
				CLANG_WARN_NON_LITERAL_NULL_CONVERSION = YES;
				CLANG_WARN_OBJC_IMPLICIT_RETAIN_SELF = YES;
				CLANG_WARN_OBJC_LITERAL_CONVERSION = YES;
				CLANG_WARN_OBJC_ROOT_CLASS = YES_ERROR;
				CLANG_WARN_RANGE_LOOP_ANALYSIS = YES;
				CLANG_WARN_STRICT_PROTOTYPES = YES;
				CLANG_WARN_SUSPICIOUS_MOVE = YES;
				CLANG_WARN_UNGUARDED_AVAILABILITY = YES_AGGRESSIVE;
				CLANG_WARN_UNREACHABLE_CODE = YES;
				CLANG_WARN__DUPLICATE_METHOD_MATCH = YES;
				COPY_PHASE_STRIP = NO;
				DEBUG_INFORMATION_FORMAT = dwarf;
				ENABLE_STRICT_OBJC_MSGSEND = YES;
				ENABLE_TESTABILITY = YES;
				GCC_C_LANGUAGE_STANDARD = gnu11;
				GCC_DYNAMIC_NO_PIC = NO;
				GCC_NO_COMMON_BLOCKS = YES;
				GCC_OPTIMIZATION_LEVEL = 0;
				GCC_PREPROCESSOR_DEFINITIONS = (
					"DEBUG=1",
					"$(inherited)",
				);
				GCC_WARN_64_TO_32_BIT_CONVERSION = YES;
				GCC_WARN_ABOUT_RETURN_TYPE = YES_ERROR;
				GCC_WARN_UNDECLARED_SELECTOR = YES;
				GCC_WARN_UNINITIALIZED_AUTOS = YES_AGGRESSIVE;
				GCC_WARN_UNUSED_FUNCTION = YES;
				GCC_WARN_UNUSED_VARIABLE = YES;
				IPHONEOS_DEPLOYMENT_TARGET = 13.5;
				MTL_ENABLE_DEBUG_INFO = INCLUDE_SOURCE;
				MTL_FAST_MATH = YES;
				ONLY_ACTIVE_ARCH = YES;
				SDKROOT = iphoneos;
				SWIFT_ACTIVE_COMPILATION_CONDITIONS = DEBUG;
				SWIFT_OPTIMIZATION_LEVEL = "-Onone";
			};
			name = Debug;
		};
		A3BBCE3E24C29EB40022B585 /* Release */ = {
			isa = XCBuildConfiguration;
			buildSettings = {
				ALWAYS_SEARCH_USER_PATHS = NO;
				CLANG_ANALYZER_NONNULL = YES;
				CLANG_ANALYZER_NUMBER_OBJECT_CONVERSION = YES_AGGRESSIVE;
				CLANG_CXX_LANGUAGE_STANDARD = "gnu++14";
				CLANG_CXX_LIBRARY = "libc++";
				CLANG_ENABLE_MODULES = YES;
				CLANG_ENABLE_OBJC_ARC = YES;
				CLANG_ENABLE_OBJC_WEAK = YES;
				CLANG_WARN_BLOCK_CAPTURE_AUTORELEASING = YES;
				CLANG_WARN_BOOL_CONVERSION = YES;
				CLANG_WARN_COMMA = YES;
				CLANG_WARN_CONSTANT_CONVERSION = YES;
				CLANG_WARN_DEPRECATED_OBJC_IMPLEMENTATIONS = YES;
				CLANG_WARN_DIRECT_OBJC_ISA_USAGE = YES_ERROR;
				CLANG_WARN_DOCUMENTATION_COMMENTS = YES;
				CLANG_WARN_EMPTY_BODY = YES;
				CLANG_WARN_ENUM_CONVERSION = YES;
				CLANG_WARN_INFINITE_RECURSION = YES;
				CLANG_WARN_INT_CONVERSION = YES;
				CLANG_WARN_NON_LITERAL_NULL_CONVERSION = YES;
				CLANG_WARN_OBJC_IMPLICIT_RETAIN_SELF = YES;
				CLANG_WARN_OBJC_LITERAL_CONVERSION = YES;
				CLANG_WARN_OBJC_ROOT_CLASS = YES_ERROR;
				CLANG_WARN_RANGE_LOOP_ANALYSIS = YES;
				CLANG_WARN_STRICT_PROTOTYPES = YES;
				CLANG_WARN_SUSPICIOUS_MOVE = YES;
				CLANG_WARN_UNGUARDED_AVAILABILITY = YES_AGGRESSIVE;
				CLANG_WARN_UNREACHABLE_CODE = YES;
				CLANG_WARN__DUPLICATE_METHOD_MATCH = YES;
				COPY_PHASE_STRIP = NO;
				DEBUG_INFORMATION_FORMAT = "dwarf-with-dsym";
				ENABLE_NS_ASSERTIONS = NO;
				ENABLE_STRICT_OBJC_MSGSEND = YES;
				GCC_C_LANGUAGE_STANDARD = gnu11;
				GCC_NO_COMMON_BLOCKS = YES;
				GCC_WARN_64_TO_32_BIT_CONVERSION = YES;
				GCC_WARN_ABOUT_RETURN_TYPE = YES_ERROR;
				GCC_WARN_UNDECLARED_SELECTOR = YES;
				GCC_WARN_UNINITIALIZED_AUTOS = YES_AGGRESSIVE;
				GCC_WARN_UNUSED_FUNCTION = YES;
				GCC_WARN_UNUSED_VARIABLE = YES;
				IPHONEOS_DEPLOYMENT_TARGET = 13.5;
				MTL_ENABLE_DEBUG_INFO = NO;
				MTL_FAST_MATH = YES;
				SDKROOT = iphoneos;
				SWIFT_COMPILATION_MODE = wholemodule;
				SWIFT_OPTIMIZATION_LEVEL = "-O";
				VALIDATE_PRODUCT = YES;
			};
			name = Release;
		};
		A3BBCE4024C29EB40022B585 /* Debug */ = {
			isa = XCBuildConfiguration;
			buildSettings = {
				ASSETCATALOG_COMPILER_APPICON_NAME = AppIcon;
				CODE_SIGN_STYLE = Automatic;
				DEVELOPMENT_TEAM = K5XPX6W5MN;
				INFOPLIST_FILE = IOSturn3DCard/Info.plist;
				LD_RUNPATH_SEARCH_PATHS = (
					"$(inherited)",
					"@executable_path/Frameworks",
				);
				PRODUCT_BUNDLE_IDENTIFIER = com.IOSturn3DCard;
				PRODUCT_NAME = "$(TARGET_NAME)";
				SWIFT_VERSION = 5.0;
				TARGETED_DEVICE_FAMILY = "1,2";
			};
			name = Debug;
		};
		A3BBCE4124C29EB40022B585 /* Release */ = {
			isa = XCBuildConfiguration;
			buildSettings = {
				ASSETCATALOG_COMPILER_APPICON_NAME = AppIcon;
				CODE_SIGN_STYLE = Automatic;
				DEVELOPMENT_TEAM = K5XPX6W5MN;
				INFOPLIST_FILE = IOSturn3DCard/Info.plist;
				LD_RUNPATH_SEARCH_PATHS = (
					"$(inherited)",
					"@executable_path/Frameworks",
				);
				PRODUCT_BUNDLE_IDENTIFIER = com.IOSturn3DCard;
				PRODUCT_NAME = "$(TARGET_NAME)";
				SWIFT_VERSION = 5.0;
				TARGETED_DEVICE_FAMILY = "1,2";
			};
			name = Release;
		};
/* End XCBuildConfiguration section */

/* Begin XCConfigurationList section */
		A3BBCE2624C29EB30022B585 /* Build configuration list for PBXProject "IOSturn3DCard" */ = {
			isa = XCConfigurationList;
			buildConfigurations = (
				A3BBCE3D24C29EB40022B585 /* Debug */,
				A3BBCE3E24C29EB40022B585 /* Release */,
			);
			defaultConfigurationIsVisible = 0;
			defaultConfigurationName = Release;
		};
		A3BBCE3F24C29EB40022B585 /* Build configuration list for PBXNativeTarget "IOSturn3DCard" */ = {
			isa = XCConfigurationList;
			buildConfigurations = (
				A3BBCE4024C29EB40022B585 /* Debug */,
				A3BBCE4124C29EB40022B585 /* Release */,
			);
			defaultConfigurationIsVisible = 0;
			defaultConfigurationName = Release;
		};
/* End XCConfigurationList section */
	};
	rootObject = A3BBCE2324C29EB30022B585 /* Project object */;
}
